// !$*UTF8*$!
{
	archiveVersion = 1;
	classes = {
	};
	objectVersion = 46;
	objects = {

/* Begin PBXBuildFile section */
		1A101C961C16516400CE741D /* MyQuestionsViewController.m in Sources */ = {isa = PBXBuildFile; fileRef = 1A101C951C16516400CE741D /* MyQuestionsViewController.m */; };
		1A101C991C1658E400CE741D /* MenuTableViewController.m in Sources */ = {isa = PBXBuildFile; fileRef = 1A101C981C1658E400CE741D /* MenuTableViewController.m */; };
		1A101C9C1C1659B800CE741D /* OAuthWebViewController.m in Sources */ = {isa = PBXBuildFile; fileRef = 1A101C9B1C1659B800CE741D /* OAuthWebViewController.m */; };
		1A101C9F1C1659E600CE741D /* MainContentViewController.m in Sources */ = {isa = PBXBuildFile; fileRef = 1A101C9E1C1659E600CE741D /* MainContentViewController.m */; };
		1A101CA41C1668EB00CE741D /* MenuContainerViewController.m in Sources */ = {isa = PBXBuildFile; fileRef = 1A101CA31C1668EB00CE741D /* MenuContainerViewController.m */; };
		1A3236BB1C162A690039550B /* main.m in Sources */ = {isa = PBXBuildFile; fileRef = 1A3236BA1C162A690039550B /* main.m */; };
		1A3236BE1C162A690039550B /* AppDelegate.m in Sources */ = {isa = PBXBuildFile; fileRef = 1A3236BD1C162A690039550B /* AppDelegate.m */; };
		1A3236C11C162A690039550B /* ViewController.m in Sources */ = {isa = PBXBuildFile; fileRef = 1A3236C01C162A690039550B /* ViewController.m */; };
		1A3236C41C162A690039550B /* Main.storyboard in Resources */ = {isa = PBXBuildFile; fileRef = 1A3236C21C162A690039550B /* Main.storyboard */; };
		1A3236C61C162A690039550B /* Assets.xcassets in Resources */ = {isa = PBXBuildFile; fileRef = 1A3236C51C162A690039550B /* Assets.xcassets */; };
		1A3236C91C162A690039550B /* LaunchScreen.storyboard in Resources */ = {isa = PBXBuildFile; fileRef = 1A3236C71C162A690039550B /* LaunchScreen.storyboard */; };
		1A3236D41C162A690039550B /* StackOverflowClientTests.m in Sources */ = {isa = PBXBuildFile; fileRef = 1A3236D31C162A690039550B /* StackOverflowClientTests.m */; };
		1A3236DF1C162A690039550B /* StackOverflowClientUITests.m in Sources */ = {isa = PBXBuildFile; fileRef = 1A3236DE1C162A690039550B /* StackOverflowClientUITests.m */; };
		1AD3EAE61C17934A00B5186E /* Error.m in Sources */ = {isa = PBXBuildFile; fileRef = 1AD3EAE51C17934A00B5186E /* Error.m */; };
/* End PBXBuildFile section */

/* Begin PBXContainerItemProxy section */
		1A3236D01C162A690039550B /* PBXContainerItemProxy */ = {
			isa = PBXContainerItemProxy;
			containerPortal = 1A3236AE1C162A690039550B /* Project object */;
			proxyType = 1;
			remoteGlobalIDString = 1A3236B51C162A690039550B;
			remoteInfo = StackOverflowClient;
		};
		1A3236DB1C162A690039550B /* PBXContainerItemProxy */ = {
			isa = PBXContainerItemProxy;
			containerPortal = 1A3236AE1C162A690039550B /* Project object */;
			proxyType = 1;
			remoteGlobalIDString = 1A3236B51C162A690039550B;
			remoteInfo = StackOverflowClient;
		};
/* End PBXContainerItemProxy section */

/* Begin PBXFileReference section */
		1A101C941C16516400CE741D /* MyQuestionsViewController.h */ = {isa = PBXFileReference; fileEncoding = 4; lastKnownFileType = sourcecode.c.h; path = MyQuestionsViewController.h; sourceTree = "<group>"; };
		1A101C951C16516400CE741D /* MyQuestionsViewController.m */ = {isa = PBXFileReference; fileEncoding = 4; lastKnownFileType = sourcecode.c.objc; path = MyQuestionsViewController.m; sourceTree = "<group>"; };
		1A101C971C1658E400CE741D /* MenuTableViewController.h */ = {isa = PBXFileReference; fileEncoding = 4; lastKnownFileType = sourcecode.c.h; path = MenuTableViewController.h; sourceTree = "<group>"; };
		1A101C981C1658E400CE741D /* MenuTableViewController.m */ = {isa = PBXFileReference; fileEncoding = 4; lastKnownFileType = sourcecode.c.objc; path = MenuTableViewController.m; sourceTree = "<group>"; };
		1A101C9A1C1659B800CE741D /* OAuthWebViewController.h */ = {isa = PBXFileReference; fileEncoding = 4; lastKnownFileType = sourcecode.c.h; path = OAuthWebViewController.h; sourceTree = "<group>"; };
		1A101C9B1C1659B800CE741D /* OAuthWebViewController.m */ = {isa = PBXFileReference; fileEncoding = 4; lastKnownFileType = sourcecode.c.objc; path = OAuthWebViewController.m; sourceTree = "<group>"; };
		1A101C9D1C1659E600CE741D /* MainContentViewController.h */ = {isa = PBXFileReference; fileEncoding = 4; lastKnownFileType = sourcecode.c.h; path = MainContentViewController.h; sourceTree = "<group>"; };
		1A101C9E1C1659E600CE741D /* MainContentViewController.m */ = {isa = PBXFileReference; fileEncoding = 4; lastKnownFileType = sourcecode.c.objc; path = MainContentViewController.m; sourceTree = "<group>"; };
		1A101CA21C1668EB00CE741D /* MenuContainerViewController.h */ = {isa = PBXFileReference; fileEncoding = 4; lastKnownFileType = sourcecode.c.h; path = MenuContainerViewController.h; sourceTree = "<group>"; };
		1A101CA31C1668EB00CE741D /* MenuContainerViewController.m */ = {isa = PBXFileReference; fileEncoding = 4; lastKnownFileType = sourcecode.c.objc; path = MenuContainerViewController.m; sourceTree = "<group>"; };
		1A3236B61C162A690039550B /* StackOverflowClient.app */ = {isa = PBXFileReference; explicitFileType = wrapper.application; includeInIndex = 0; path = StackOverflowClient.app; sourceTree = BUILT_PRODUCTS_DIR; };
		1A3236BA1C162A690039550B /* main.m */ = {isa = PBXFileReference; lastKnownFileType = sourcecode.c.objc; path = main.m; sourceTree = "<group>"; };
		1A3236BC1C162A690039550B /* AppDelegate.h */ = {isa = PBXFileReference; lastKnownFileType = sourcecode.c.h; path = AppDelegate.h; sourceTree = "<group>"; };
		1A3236BD1C162A690039550B /* AppDelegate.m */ = {isa = PBXFileReference; lastKnownFileType = sourcecode.c.objc; path = AppDelegate.m; sourceTree = "<group>"; };
		1A3236BF1C162A690039550B /* ViewController.h */ = {isa = PBXFileReference; lastKnownFileType = sourcecode.c.h; path = ViewController.h; sourceTree = "<group>"; };
		1A3236C01C162A690039550B /* ViewController.m */ = {isa = PBXFileReference; lastKnownFileType = sourcecode.c.objc; path = ViewController.m; sourceTree = "<group>"; };
		1A3236C31C162A690039550B /* Base */ = {isa = PBXFileReference; lastKnownFileType = file.storyboard; name = Base; path = Base.lproj/Main.storyboard; sourceTree = "<group>"; };
		1A3236C51C162A690039550B /* Assets.xcassets */ = {isa = PBXFileReference; lastKnownFileType = folder.assetcatalog; path = Assets.xcassets; sourceTree = "<group>"; };
		1A3236C81C162A690039550B /* Base */ = {isa = PBXFileReference; lastKnownFileType = file.storyboard; name = Base; path = Base.lproj/LaunchScreen.storyboard; sourceTree = "<group>"; };
		1A3236CA1C162A690039550B /* Info.plist */ = {isa = PBXFileReference; lastKnownFileType = text.plist.xml; path = Info.plist; sourceTree = "<group>"; };
		1A3236CF1C162A690039550B /* StackOverflowClientTests.xctest */ = {isa = PBXFileReference; explicitFileType = wrapper.cfbundle; includeInIndex = 0; path = StackOverflowClientTests.xctest; sourceTree = BUILT_PRODUCTS_DIR; };
		1A3236D31C162A690039550B /* StackOverflowClientTests.m */ = {isa = PBXFileReference; lastKnownFileType = sourcecode.c.objc; path = StackOverflowClientTests.m; sourceTree = "<group>"; };
		1A3236D51C162A690039550B /* Info.plist */ = {isa = PBXFileReference; lastKnownFileType = text.plist.xml; path = Info.plist; sourceTree = "<group>"; };
		1A3236DA1C162A690039550B /* StackOverflowClientUITests.xctest */ = {isa = PBXFileReference; explicitFileType = wrapper.cfbundle; includeInIndex = 0; path = StackOverflowClientUITests.xctest; sourceTree = BUILT_PRODUCTS_DIR; };
		1A3236DE1C162A690039550B /* StackOverflowClientUITests.m */ = {isa = PBXFileReference; lastKnownFileType = sourcecode.c.objc; path = StackOverflowClientUITests.m; sourceTree = "<group>"; };
		1A3236E01C162A690039550B /* Info.plist */ = {isa = PBXFileReference; lastKnownFileType = text.plist.xml; path = Info.plist; sourceTree = "<group>"; };
		1AD3EAE41C17930D00B5186E /* Error.h */ = {isa = PBXFileReference; lastKnownFileType = sourcecode.c.h; path = Error.h; sourceTree = "<group>"; };
		1AD3EAE51C17934A00B5186E /* Error.m */ = {isa = PBXFileReference; fileEncoding = 4; lastKnownFileType = sourcecode.c.objc; path = Error.m; sourceTree = "<group>"; };
/* End PBXFileReference section */

/* Begin PBXFrameworksBuildPhase section */
		1A3236B31C162A690039550B /* Frameworks */ = {
			isa = PBXFrameworksBuildPhase;
			buildActionMask = 2147483647;
			files = (
			);
			runOnlyForDeploymentPostprocessing = 0;
		};
		1A3236CC1C162A690039550B /* Frameworks */ = {
			isa = PBXFrameworksBuildPhase;
			buildActionMask = 2147483647;
			files = (
			);
			runOnlyForDeploymentPostprocessing = 0;
		};
		1A3236D71C162A690039550B /* Frameworks */ = {
			isa = PBXFrameworksBuildPhase;
			buildActionMask = 2147483647;
			files = (
			);
			runOnlyForDeploymentPostprocessing = 0;
		};
/* End PBXFrameworksBuildPhase section */

/* Begin PBXGroup section */
		1A3236AD1C162A690039550B = {
			isa = PBXGroup;
			children = (
				1A101C9A1C1659B800CE741D /* OAuthWebViewController.h */,
				1A101C9B1C1659B800CE741D /* OAuthWebViewController.m */,
				1A101C9D1C1659E600CE741D /* MainContentViewController.h */,
				1A101C9E1C1659E600CE741D /* MainContentViewController.m */,
				1A3236B81C162A690039550B /* StackOverflowClient */,
				1A3236D21C162A690039550B /* StackOverflowClientTests */,
				1A3236DD1C162A690039550B /* StackOverflowClientUITests */,
				1A3236B71C162A690039550B /* Products */,
			);
			sourceTree = "<group>";
		};
		1A3236B71C162A690039550B /* Products */ = {
			isa = PBXGroup;
			children = (
				1A3236B61C162A690039550B /* StackOverflowClient.app */,
				1A3236CF1C162A690039550B /* StackOverflowClientTests.xctest */,
				1A3236DA1C162A690039550B /* StackOverflowClientUITests.xctest */,
			);
			name = Products;
			sourceTree = "<group>";
		};
		1A3236B81C162A690039550B /* StackOverflowClient */ = {
			isa = PBXGroup;
			children = (
				1A3236BC1C162A690039550B /* AppDelegate.h */,
				1A3236BD1C162A690039550B /* AppDelegate.m */,
				1A3236BF1C162A690039550B /* ViewController.h */,
				1A3236C01C162A690039550B /* ViewController.m */,
				1A3236C21C162A690039550B /* Main.storyboard */,
				1A101C971C1658E400CE741D /* MenuTableViewController.h */,
				1A101CA21C1668EB00CE741D /* MenuContainerViewController.h */,
				1A101CA31C1668EB00CE741D /* MenuContainerViewController.m */,
				1A101C981C1658E400CE741D /* MenuTableViewController.m */,
				1AD3EAE41C17930D00B5186E /* Error.h */,
				1AD3EAE51C17934A00B5186E /* Error.m */,
				1A101C941C16516400CE741D /* MyQuestionsViewController.h */,
				1A101C951C16516400CE741D /* MyQuestionsViewController.m */,
				1A3236C51C162A690039550B /* Assets.xcassets */,
				1A3236C71C162A690039550B /* LaunchScreen.storyboard */,
				1A3236CA1C162A690039550B /* Info.plist */,
				1A3236B91C162A690039550B /* Supporting Files */,
			);
			path = StackOverflowClient;
			sourceTree = "<group>";
		};
		1A3236B91C162A690039550B /* Supporting Files */ = {
			isa = PBXGroup;
			children = (
				1A3236BA1C162A690039550B /* main.m */,
			);
			name = "Supporting Files";
			sourceTree = "<group>";
		};
		1A3236D21C162A690039550B /* StackOverflowClientTests */ = {
			isa = PBXGroup;
			children = (
				1A3236D31C162A690039550B /* StackOverflowClientTests.m */,
				1A3236D51C162A690039550B /* Info.plist */,
			);
			path = StackOverflowClientTests;
			sourceTree = "<group>";
		};
		1A3236DD1C162A690039550B /* StackOverflowClientUITests */ = {
			isa = PBXGroup;
			children = (
				1A3236DE1C162A690039550B /* StackOverflowClientUITests.m */,
				1A3236E01C162A690039550B /* Info.plist */,
			);
			path = StackOverflowClientUITests;
			sourceTree = "<group>";
		};
/* End PBXGroup section */

/* Begin PBXNativeTarget section */
		1A3236B51C162A690039550B /* StackOverflowClient */ = {
			isa = PBXNativeTarget;
			buildConfigurationList = 1A3236E31C162A690039550B /* Build configuration list for PBXNativeTarget "StackOverflowClient" */;
			buildPhases = (
				1A3236B21C162A690039550B /* Sources */,
				1A3236B31C162A690039550B /* Frameworks */,
				1A3236B41C162A690039550B /* Resources */,
			);
			buildRules = (
			);
			dependencies = (
			);
			name = StackOverflowClient;
			productName = StackOverflowClient;
			productReference = 1A3236B61C162A690039550B /* StackOverflowClient.app */;
			productType = "com.apple.product-type.application";
		};
		1A3236CE1C162A690039550B /* StackOverflowClientTests */ = {
			isa = PBXNativeTarget;
			buildConfigurationList = 1A3236E61C162A690039550B /* Build configuration list for PBXNativeTarget "StackOverflowClientTests" */;
			buildPhases = (
				1A3236CB1C162A690039550B /* Sources */,
				1A3236CC1C162A690039550B /* Frameworks */,
				1A3236CD1C162A690039550B /* Resources */,
			);
			buildRules = (
			);
			dependencies = (
				1A3236D11C162A690039550B /* PBXTargetDependency */,
			);
			name = StackOverflowClientTests;
			productName = StackOverflowClientTests;
			productReference = 1A3236CF1C162A690039550B /* StackOverflowClientTests.xctest */;
			productType = "com.apple.product-type.bundle.unit-test";
		};
		1A3236D91C162A690039550B /* StackOverflowClientUITests */ = {
			isa = PBXNativeTarget;
			buildConfigurationList = 1A3236E91C162A690039550B /* Build configuration list for PBXNativeTarget "StackOverflowClientUITests" */;
			buildPhases = (
				1A3236D61C162A690039550B /* Sources */,
				1A3236D71C162A690039550B /* Frameworks */,
				1A3236D81C162A690039550B /* Resources */,
			);
			buildRules = (
			);
			dependencies = (
				1A3236DC1C162A690039550B /* PBXTargetDependency */,
			);
			name = StackOverflowClientUITests;
			productName = StackOverflowClientUITests;
			productReference = 1A3236DA1C162A690039550B /* StackOverflowClientUITests.xctest */;
			productType = "com.apple.product-type.bundle.ui-testing";
		};
/* End PBXNativeTarget section */

/* Begin PBXProject section */
		1A3236AE1C162A690039550B /* Project object */ = {
			isa = PBXProject;
			attributes = {
				LastUpgradeCheck = 0710;
				ORGANIZATIONNAME = "Lynn Kuhlman";
				TargetAttributes = {
					1A3236B51C162A690039550B = {
						CreatedOnToolsVersion = 7.1.1;
					};
					1A3236CE1C162A690039550B = {
						CreatedOnToolsVersion = 7.1.1;
						TestTargetID = 1A3236B51C162A690039550B;
					};
					1A3236D91C162A690039550B = {
						CreatedOnToolsVersion = 7.1.1;
						TestTargetID = 1A3236B51C162A690039550B;
					};
				};
			};
			buildConfigurationList = 1A3236B11C162A690039550B /* Build configuration list for PBXProject "StackOverflowClient" */;
			compatibilityVersion = "Xcode 3.2";
			developmentRegion = English;
			hasScannedForEncodings = 0;
			knownRegions = (
				en,
				Base,
			);
			mainGroup = 1A3236AD1C162A690039550B;
			productRefGroup = 1A3236B71C162A690039550B /* Products */;
			projectDirPath = "";
			projectRoot = "";
			targets = (
				1A3236B51C162A690039550B /* StackOverflowClient */,
				1A3236CE1C162A690039550B /* StackOverflowClientTests */,
				1A3236D91C162A690039550B /* StackOverflowClientUITests */,
			);
		};
/* End PBXProject section */

/* Begin PBXResourcesBuildPhase section */
		1A3236B41C162A690039550B /* Resources */ = {
			isa = PBXResourcesBuildPhase;
			buildActionMask = 2147483647;
			files = (
				1A3236C91C162A690039550B /* LaunchScreen.storyboard in Resources */,
				1A3236C61C162A690039550B /* Assets.xcassets in Resources */,
				1A3236C41C162A690039550B /* Main.storyboard in Resources */,
			);
			runOnlyForDeploymentPostprocessing = 0;
		};
		1A3236CD1C162A690039550B /* Resources */ = {
			isa = PBXResourcesBuildPhase;
			buildActionMask = 2147483647;
			files = (
			);
			runOnlyForDeploymentPostprocessing = 0;
		};
		1A3236D81C162A690039550B /* Resources */ = {
			isa = PBXResourcesBuildPhase;
			buildActionMask = 2147483647;
			files = (
			);
			runOnlyForDeploymentPostprocessing = 0;
		};
/* End PBXResourcesBuildPhase section */

/* Begin PBXSourcesBuildPhase section */
		1A3236B21C162A690039550B /* Sources */ = {
			isa = PBXSourcesBuildPhase;
			buildActionMask = 2147483647;
			files = (
				1AD3EAE61C17934A00B5186E /* Error.m in Sources */,
				1A101C9F1C1659E600CE741D /* MainContentViewController.m in Sources */,
				1A3236C11C162A690039550B /* ViewController.m in Sources */,
				1A101C9C1C1659B800CE741D /* OAuthWebViewController.m in Sources */,
				1A3236BE1C162A690039550B /* AppDelegate.m in Sources */,
				1A101C961C16516400CE741D /* MyQuestionsViewController.m in Sources */,
				1A3236BB1C162A690039550B /* main.m in Sources */,
				1A101C991C1658E400CE741D /* MenuTableViewController.m in Sources */,
				1A101CA41C1668EB00CE741D /* MenuContainerViewController.m in Sources */,
			);
			runOnlyForDeploymentPostprocessing = 0;
		};
		1A3236CB1C162A690039550B /* Sources */ = {
			isa = PBXSourcesBuildPhase;
			buildActionMask = 2147483647;
			files = (
				1A3236D41C162A690039550B /* StackOverflowClientTests.m in Sources */,
			);
			runOnlyForDeploymentPostprocessing = 0;
		};
		1A3236D61C162A690039550B /* Sources */ = {
			isa = PBXSourcesBuildPhase;
			buildActionMask = 2147483647;
			files = (
				1A3236DF1C162A690039550B /* StackOverflowClientUITests.m in Sources */,
			);
			runOnlyForDeploymentPostprocessing = 0;
		};
/* End PBXSourcesBuildPhase section */

/* Begin PBXTargetDependency section */
		1A3236D11C162A690039550B /* PBXTargetDependency */ = {
			isa = PBXTargetDependency;
			target = 1A3236B51C162A690039550B /* StackOverflowClient */;
			targetProxy = 1A3236D01C162A690039550B /* PBXContainerItemProxy */;
		};
		1A3236DC1C162A690039550B /* PBXTargetDependency */ = {
			isa = PBXTargetDependency;
			target = 1A3236B51C162A690039550B /* StackOverflowClient */;
			targetProxy = 1A3236DB1C162A690039550B /* PBXContainerItemProxy */;
		};
/* End PBXTargetDependency section */

/* Begin PBXVariantGroup section */
		1A3236C21C162A690039550B /* Main.storyboard */ = {
			isa = PBXVariantGroup;
			children = (
				1A3236C31C162A690039550B /* Base */,
			);
			name = Main.storyboard;
			sourceTree = "<group>";
		};
		1A3236C71C162A690039550B /* LaunchScreen.storyboard */ = {
			isa = PBXVariantGroup;
			children = (
				1A3236C81C162A690039550B /* Base */,
			);
			name = LaunchScreen.storyboard;
			sourceTree = "<group>";
		};
/* End PBXVariantGroup section */

/* Begin XCBuildConfiguration section */
		1A3236E11C162A690039550B /* Debug */ = {
			isa = XCBuildConfiguration;
			buildSettings = {
				ALWAYS_SEARCH_USER_PATHS = NO;
				CLANG_CXX_LANGUAGE_STANDARD = "gnu++0x";
				CLANG_CXX_LIBRARY = "libc++";
				CLANG_ENABLE_MODULES = YES;
				CLANG_ENABLE_OBJC_ARC = YES;
				CLANG_WARN_BOOL_CONVERSION = YES;
				CLANG_WARN_CONSTANT_CONVERSION = YES;
				CLANG_WARN_DIRECT_OBJC_ISA_USAGE = YES_ERROR;
				CLANG_WARN_EMPTY_BODY = YES;
				CLANG_WARN_ENUM_CONVERSION = YES;
				CLANG_WARN_INT_CONVERSION = YES;
				CLANG_WARN_OBJC_ROOT_CLASS = YES_ERROR;
				CLANG_WARN_UNREACHABLE_CODE = YES;
				CLANG_WARN__DUPLICATE_METHOD_MATCH = YES;
				"CODE_SIGN_IDENTITY[sdk=iphoneos*]" = "iPhone Developer";
				COPY_PHASE_STRIP = NO;
				DEBUG_INFORMATION_FORMAT = dwarf;
				ENABLE_STRICT_OBJC_MSGSEND = YES;
				ENABLE_TESTABILITY = YES;
				GCC_C_LANGUAGE_STANDARD = gnu99;
				GCC_DYNAMIC_NO_PIC = NO;
				GCC_NO_COMMON_BLOCKS = YES;
				GCC_OPTIMIZATION_LEVEL = 0;
				GCC_PREPROCESSOR_DEFINITIONS = (
					"DEBUG=1",
					"$(inherited)",
				);
				GCC_WARN_64_TO_32_BIT_CONVERSION = YES;
				GCC_WARN_ABOUT_RETURN_TYPE = YES_ERROR;
				GCC_WARN_UNDECLARED_SELECTOR = YES;
				GCC_WARN_UNINITIALIZED_AUTOS = YES_AGGRESSIVE;
				GCC_WARN_UNUSED_FUNCTION = YES;
				GCC_WARN_UNUSED_VARIABLE = YES;
				IPHONEOS_DEPLOYMENT_TARGET = 9.1;
				MTL_ENABLE_DEBUG_INFO = YES;
				ONLY_ACTIVE_ARCH = YES;
				SDKROOT = iphoneos;
				TARGETED_DEVICE_FAMILY = "1,2";
			};
			name = Debug;
		};
		1A3236E21C162A690039550B /* Release */ = {
			isa = XCBuildConfiguration;
			buildSettings = {
				ALWAYS_SEARCH_USER_PATHS = NO;
				CLANG_CXX_LANGUAGE_STANDARD = "gnu++0x";
				CLANG_CXX_LIBRARY = "libc++";
				CLANG_ENABLE_MODULES = YES;
				CLANG_ENABLE_OBJC_ARC = YES;
				CLANG_WARN_BOOL_CONVERSION = YES;
				CLANG_WARN_CONSTANT_CONVERSION = YES;
				CLANG_WARN_DIRECT_OBJC_ISA_USAGE = YES_ERROR;
				CLANG_WARN_EMPTY_BODY = YES;
				CLANG_WARN_ENUM_CONVERSION = YES;
				CLANG_WARN_INT_CONVERSION = YES;
				CLANG_WARN_OBJC_ROOT_CLASS = YES_ERROR;
				CLANG_WARN_UNREACHABLE_CODE = YES;
				CLANG_WARN__DUPLICATE_METHOD_MATCH = YES;
				"CODE_SIGN_IDENTITY[sdk=iphoneos*]" = "iPhone Developer";
				COPY_PHASE_STRIP = NO;
				DEBUG_INFORMATION_FORMAT = "dwarf-with-dsym";
				ENABLE_NS_ASSERTIONS = NO;
				ENABLE_STRICT_OBJC_MSGSEND = YES;
				GCC_C_LANGUAGE_STANDARD = gnu99;
				GCC_NO_COMMON_BLOCKS = YES;
				GCC_WARN_64_TO_32_BIT_CONVERSION = YES;
				GCC_WARN_ABOUT_RETURN_TYPE = YES_ERROR;
				GCC_WARN_UNDECLARED_SELECTOR = YES;
				GCC_WARN_UNINITIALIZED_AUTOS = YES_AGGRESSIVE;
				GCC_WARN_UNUSED_FUNCTION = YES;
				GCC_WARN_UNUSED_VARIABLE = YES;
				IPHONEOS_DEPLOYMENT_TARGET = 9.1;
				MTL_ENABLE_DEBUG_INFO = NO;
				SDKROOT = iphoneos;
				TARGETED_DEVICE_FAMILY = "1,2";
				VALIDATE_PRODUCT = YES;
			};
			name = Release;
		};
		1A3236E41C162A690039550B /* Debug */ = {
			isa = XCBuildConfiguration;
			buildSettings = {
				ASSETCATALOG_COMPILER_APPICON_NAME = AppIcon;
				INFOPLIST_FILE = StackOverflowClient/Info.plist;
				LD_RUNPATH_SEARCH_PATHS = "$(inherited) @executable_path/Frameworks";
				PRODUCT_BUNDLE_IDENTIFIER = com.lynnkuhlman.StackOverflowClient;
				PRODUCT_NAME = "$(TARGET_NAME)";
			};
			name = Debug;
		};
		1A3236E51C162A690039550B /* Release */ = {
			isa = XCBuildConfiguration;
			buildSettings = {
				ASSETCATALOG_COMPILER_APPICON_NAME = AppIcon;
				INFOPLIST_FILE = StackOverflowClient/Info.plist;
				LD_RUNPATH_SEARCH_PATHS = "$(inherited) @executable_path/Frameworks";
				PRODUCT_BUNDLE_IDENTIFIER = com.lynnkuhlman.StackOverflowClient;
				PRODUCT_NAME = "$(TARGET_NAME)";
			};
			name = Release;
		};
		1A3236E71C162A690039550B /* Debug */ = {
			isa = XCBuildConfiguration;
			buildSettings = {
				BUNDLE_LOADER = "$(TEST_HOST)";
				INFOPLIST_FILE = StackOverflowClientTests/Info.plist;
				LD_RUNPATH_SEARCH_PATHS = "$(inherited) @executable_path/Frameworks @loader_path/Frameworks";
				PRODUCT_BUNDLE_IDENTIFIER = com.lynnkuhlman.StackOverflowClientTests;
				PRODUCT_NAME = "$(TARGET_NAME)";
				TEST_HOST = "$(BUILT_PRODUCTS_DIR)/StackOverflowClient.app/StackOverflowClient";
			};
			name = Debug;
		};
		1A3236E81C162A690039550B /* Release */ = {
			isa = XCBuildConfiguration;
			buildSettings = {
				BUNDLE_LOADER = "$(TEST_HOST)";
				INFOPLIST_FILE = StackOverflowClientTests/Info.plist;
				LD_RUNPATH_SEARCH_PATHS = "$(inherited) @executable_path/Frameworks @loader_path/Frameworks";
				PRODUCT_BUNDLE_IDENTIFIER = com.lynnkuhlman.StackOverflowClientTests;
				PRODUCT_NAME = "$(TARGET_NAME)";
				TEST_HOST = "$(BUILT_PRODUCTS_DIR)/StackOverflowClient.app/StackOverflowClient";
			};
			name = Release;
		};
		1A3236EA1C162A690039550B /* Debug */ = {
			isa = XCBuildConfiguration;
			buildSettings = {
				INFOPLIST_FILE = StackOverflowClientUITests/Info.plist;
				LD_RUNPATH_SEARCH_PATHS = "$(inherited) @executable_path/Frameworks @loader_path/Frameworks";
				PRODUCT_BUNDLE_IDENTIFIER = com.lynnkuhlman.StackOverflowClientUITests;
				PRODUCT_NAME = "$(TARGET_NAME)";
				TEST_TARGET_NAME = StackOverflowClient;
				USES_XCTRUNNER = YES;
			};
			name = Debug;
		};
		1A3236EB1C162A690039550B /* Release */ = {
			isa = XCBuildConfiguration;
			buildSettings = {
				INFOPLIST_FILE = StackOverflowClientUITests/Info.plist;
				LD_RUNPATH_SEARCH_PATHS = "$(inherited) @executable_path/Frameworks @loader_path/Frameworks";
				PRODUCT_BUNDLE_IDENTIFIER = com.lynnkuhlman.StackOverflowClientUITests;
				PRODUCT_NAME = "$(TARGET_NAME)";
				TEST_TARGET_NAME = StackOverflowClient;
				USES_XCTRUNNER = YES;
			};
			name = Release;
		};
/* End XCBuildConfiguration section */

/* Begin XCConfigurationList section */
		1A3236B11C162A690039550B /* Build configuration list for PBXProject "StackOverflowClient" */ = {
			isa = XCConfigurationList;
			buildConfigurations = (
				1A3236E11C162A690039550B /* Debug */,
				1A3236E21C162A690039550B /* Release */,
			);
			defaultConfigurationIsVisible = 0;
			defaultConfigurationName = Release;
		};
		1A3236E31C162A690039550B /* Build configuration list for PBXNativeTarget "StackOverflowClient" */ = {
			isa = XCConfigurationList;
			buildConfigurations = (
				1A3236E41C162A690039550B /* Debug */,
				1A3236E51C162A690039550B /* Release */,
			);
			defaultConfigurationIsVisible = 0;
			defaultConfigurationName = Release;
		};
		1A3236E61C162A690039550B /* Build configuration list for PBXNativeTarget "StackOverflowClientTests" */ = {
			isa = XCConfigurationList;
			buildConfigurations = (
				1A3236E71C162A690039550B /* Debug */,
				1A3236E81C162A690039550B /* Release */,
			);
			defaultConfigurationIsVisible = 0;
			defaultConfigurationName = Release;
		};
		1A3236E91C162A690039550B /* Build configuration list for PBXNativeTarget "StackOverflowClientUITests" */ = {
			isa = XCConfigurationList;
			buildConfigurations = (
				1A3236EA1C162A690039550B /* Debug */,
				1A3236EB1C162A690039550B /* Release */,
			);
			defaultConfigurationIsVisible = 0;
			defaultConfigurationName = Release;
		};
/* End XCConfigurationList section */
	};
	rootObject = 1A3236AE1C162A690039550B /* Project object */;
}
